
Microsoft Visual Studio Solution File, Format Version 11.00
# Visual Studio 2010
Project("{8BC9CEB8-8B4A-11D0-8D11-00A0C91BC942}") = "PSI-3", "PSI-3.vcxproj", "{F043F608-9902-498B-896D-B176C971007B}"
EndProject
Global
	GlobalSection(SolutionConfigurationPlatforms) = preSolution
		Debug|Win32 = Debug|Win32
		Release|Win32 = Release|Win32
	EndGlobalSection
	GlobalSection(ProjectConfigurationPlatforms) = postSolution
		{F043F608-9902-498B-896D-B176C971007B}.Debug|Win32.ActiveCfg = Debug|Win32
		{F043F608-9902-498B-896D-B176C971007B}.Debug|Win32.Build.0 = Debug|Win32
		{F043F608-9902-498B-896D-B176C971007B}.Release|Win32.ActiveCfg = Release|Win32
		{F043F608-9902-498B-896D-B176C971007B}.Release|Win32.Build.0 = Release|Win32
	EndGlobalSection
	GlobalSection(SolutionProperties) = preSolution
		HideSolutionNode = FALSE
	EndGlobalSection
EndGlobal
